
Microsoft Visual Studio Solution File, Format Version 12.00
# Visual Studio Version 17
VisualStudioVersion = 17.11.35017.193
MinimumVisualStudioVersion = 10.0.40219.1
Project("{FAE04EC0-301F-11D3-BF4B-00C04F79EFBC}") = "CanvasScrollTest", "CanvasScrollTest\CanvasScrollTest.csproj", "{4FE7C413-76F7-48C3-8B8F-2C59A985C32E}"
EndProject
Project("{FAE04EC0-301F-11D3-BF4B-00C04F79EFBC}") = "ServioPOSCustomComponents", "ServioPOSCustomComponents\ServioPOSCustomComponents.csproj", "{9BFD0DBA-0AF9-405F-8696-39306A91971A}"
EndProject
Global
	GlobalSection(SolutionConfigurationPlatforms) = preSolution
		Debug|Any CPU = Debug|Any CPU
		Release|Any CPU = Release|Any CPU
	EndGlobalSection
	GlobalSection(ProjectConfigurationPlatforms) = postSolution
		{4FE7C413-76F7-48C3-8B8F-2C59A985C32E}.Debug|Any CPU.ActiveCfg = Debug|Any CPU
		{4FE7C413-76F7-48C3-8B8F-2C59A985C32E}.Debug|Any CPU.Build.0 = Debug|Any CPU
		{4FE7C413-76F7-48C3-8B8F-2C59A985C32E}.Debug|Any CPU.Deploy.0 = Debug|Any CPU
		{4FE7C413-76F7-48C3-8B8F-2C59A985C32E}.Release|Any CPU.ActiveCfg = Release|Any CPU
		{4FE7C413-76F7-48C3-8B8F-2C59A985C32E}.Release|Any CPU.Build.0 = Release|Any CPU
		{4FE7C413-76F7-48C3-8B8F-2C59A985C32E}.Release|Any CPU.Deploy.0 = Release|Any CPU
		{9BFD0DBA-0AF9-405F-8696-39306A91971A}.Debug|Any CPU.ActiveCfg = Debug|Any CPU
		{9BFD0DBA-0AF9-405F-8696-39306A91971A}.Debug|Any CPU.Build.0 = Debug|Any CPU
		{9BFD0DBA-0AF9-405F-8696-39306A91971A}.Release|Any CPU.ActiveCfg = Release|Any CPU
		{9BFD0DBA-0AF9-405F-8696-39306A91971A}.Release|Any CPU.Build.0 = Release|Any CPU
	EndGlobalSection
	GlobalSection(SolutionProperties) = preSolution
		HideSolutionNode = FALSE
	EndGlobalSection
	GlobalSection(ExtensibilityGlobals) = postSolution
		SolutionGuid = {AF161B59-C5FB-44E4-8595-C29DEEBAB58E}
	EndGlobalSection
EndGlobal
